
Microsoft Visual Studio Solution File, Format Version 12.00
# Visual Studio Version 16
VisualStudioVersion = 16.0.31105.61
MinimumVisualStudioVersion = 10.0.40219.1
Project("{9A19103F-16F7-4668-BE54-9A1E7A4F7556}") = "Poputi.Logic", "Poputi.Logic\Poputi.Logic.csproj", "{FCB29D67-7693-45C6-8040-E6077FBF5930}"
EndProject
Project("{9A19103F-16F7-4668-BE54-9A1E7A4F7556}") = "Poputi.DataAccess", "Poputi.DataAccess\Poputi.DataAccess.csproj", "{6ECB0138-4445-45FC-BA78-63A80A557896}"
EndProject
Project("{9A19103F-16F7-4668-BE54-9A1E7A4F7556}") = "Poputi.Web", "Poputi.Web\Poputi.Web.csproj", "{569EFC63-FC1A-4694-8724-BCBADDAC3C6E}"
EndProject
Project("{FAE04EC0-301F-11D3-BF4B-00C04F79EFBC}") = "Poputi.TelegramBot", "Poputi.TelegramBot\Poputi.TelegramBot.csproj", "{1650E0E5-D6AC-42CD-A9B6-0688D6A40D3A}"
EndProject
Global
	GlobalSection(SolutionConfigurationPlatforms) = preSolution
		Debug|Any CPU = Debug|Any CPU
		Release|Any CPU = Release|Any CPU
	EndGlobalSection
	GlobalSection(ProjectConfigurationPlatforms) = postSolution
		{FCB29D67-7693-45C6-8040-E6077FBF5930}.Debug|Any CPU.ActiveCfg = Debug|Any CPU
		{FCB29D67-7693-45C6-8040-E6077FBF5930}.Debug|Any CPU.Build.0 = Debug|Any CPU
		{FCB29D67-7693-45C6-8040-E6077FBF5930}.Release|Any CPU.ActiveCfg = Release|Any CPU
		{FCB29D67-7693-45C6-8040-E6077FBF5930}.Release|Any CPU.Build.0 = Release|Any CPU
		{6ECB0138-4445-45FC-BA78-63A80A557896}.Debug|Any CPU.ActiveCfg = Debug|Any CPU
		{6ECB0138-4445-45FC-BA78-63A80A557896}.Debug|Any CPU.Build.0 = Debug|Any CPU
		{6ECB0138-4445-45FC-BA78-63A80A557896}.Release|Any CPU.ActiveCfg = Release|Any CPU
		{6ECB0138-4445-45FC-BA78-63A80A557896}.Release|Any CPU.Build.0 = Release|Any CPU
		{569EFC63-FC1A-4694-8724-BCBADDAC3C6E}.Debug|Any CPU.ActiveCfg = Debug|Any CPU
		{569EFC63-FC1A-4694-8724-BCBADDAC3C6E}.Debug|Any CPU.Build.0 = Debug|Any CPU
		{569EFC63-FC1A-4694-8724-BCBADDAC3C6E}.Release|Any CPU.ActiveCfg = Release|Any CPU
		{569EFC63-FC1A-4694-8724-BCBADDAC3C6E}.Release|Any CPU.Build.0 = Release|Any CPU
		{1650E0E5-D6AC-42CD-A9B6-0688D6A40D3A}.Debug|Any CPU.ActiveCfg = Debug|Any CPU
		{1650E0E5-D6AC-42CD-A9B6-0688D6A40D3A}.Debug|Any CPU.Build.0 = Debug|Any CPU
		{1650E0E5-D6AC-42CD-A9B6-0688D6A40D3A}.Release|Any CPU.ActiveCfg = Release|Any CPU
		{1650E0E5-D6AC-42CD-A9B6-0688D6A40D3A}.Release|Any CPU.Build.0 = Release|Any CPU
	EndGlobalSection
	GlobalSection(SolutionProperties) = preSolution
		HideSolutionNode = FALSE
	EndGlobalSection
	GlobalSection(ExtensibilityGlobals) = postSolution
		SolutionGuid = {F0EA8AA3-8175-4DEE-98A8-F4E9DAC43057}
	EndGlobalSection
EndGlobal
